
Microsoft Visual Studio Solution File, Format Version 12.00
# Visual Studio Version 16
VisualStudioVersion = 16.0.29306.81
MinimumVisualStudioVersion = 10.0.40219.1
Project("{FAE04EC0-301F-11D3-BF4B-00C04F79EFBC}") = "Assignment_Information_Encoding_4", "Assignment_Information_Encoding_4.csproj", "{C3001401-41D5-40A0-A580-5BD85C59136A}"
EndProject
Global
	GlobalSection(SolutionConfigurationPlatforms) = preSolution
		Debug|Any CPU = Debug|Any CPU
		Release|Any CPU = Release|Any CPU
	EndGlobalSection
	GlobalSection(ProjectConfigurationPlatforms) = postSolution
		{C3001401-41D5-40A0-A580-5BD85C59136A}.Debug|Any CPU.ActiveCfg = Debug|Any CPU
		{C3001401-41D5-40A0-A580-5BD85C59136A}.Debug|Any CPU.Build.0 = Debug|Any CPU
		{C3001401-41D5-40A0-A580-5BD85C59136A}.Release|Any CPU.ActiveCfg = Release|Any CPU
		{C3001401-41D5-40A0-A580-5BD85C59136A}.Release|Any CPU.Build.0 = Release|Any CPU
	EndGlobalSection
	GlobalSection(SolutionProperties) = preSolution
		HideSolutionNode = FALSE
	EndGlobalSection
	GlobalSection(ExtensibilityGlobals) = postSolution
		SolutionGuid = {295E4E63-DDC3-4A85-A3C2-5723E5E6EA71}
	EndGlobalSection
EndGlobal
